// !$*UTF8*$!
{
	archiveVersion = 1;
	classes = {
	};
	objectVersion = 56;
	objects = {

/* Begin PBXBuildFile section */
		4FB7F3FE2B79100400FCE439 /* NavigationBarView.swift in Sources */ = {isa = PBXBuildFile; fileRef = 4FB7F3FD2B79100400FCE439 /* NavigationBarView.swift */; };
		4FB7F4002B7910E700FCE439 /* LogoView.swift in Sources */ = {isa = PBXBuildFile; fileRef = 4FB7F3FF2B7910E700FCE439 /* LogoView.swift */; };
		4FB7F4022B7A26DD00FCE439 /* ImageHeaderTabView.swift in Sources */ = {isa = PBXBuildFile; fileRef = 4FB7F4012B7A26DD00FCE439 /* ImageHeaderTabView.swift */; };
		4FB7F4042B7A273200FCE439 /* PlayerModel.swift in Sources */ = {isa = PBXBuildFile; fileRef = 4FB7F4032B7A273200FCE439 /* PlayerModel.swift */; };
		4FB7F4062B7A277A00FCE439 /* BundleExtension.swift in Sources */ = {isa = PBXBuildFile; fileRef = 4FB7F4052B7A277A00FCE439 /* BundleExtension.swift */; };
		4FB7F40A2B7BF22200FCE439 /* CategoryModel.swift in Sources */ = {isa = PBXBuildFile; fileRef = 4FB7F4092B7BF22200FCE439 /* CategoryModel.swift */; };
		4FDEC5892B77F9BF009F6568 /* TouchdownApp.swift in Sources */ = {isa = PBXBuildFile; fileRef = 4FDEC5882B77F9BF009F6568 /* TouchdownApp.swift */; };
		4FDEC58B2B77F9BF009F6568 /* ContentView.swift in Sources */ = {isa = PBXBuildFile; fileRef = 4FDEC58A2B77F9BF009F6568 /* ContentView.swift */; };
		4FDEC58D2B77F9C1009F6568 /* Assets.xcassets in Resources */ = {isa = PBXBuildFile; fileRef = 4FDEC58C2B77F9C1009F6568 /* Assets.xcassets */; };
		4FDEC5902B77F9C1009F6568 /* Preview Assets.xcassets in Resources */ = {isa = PBXBuildFile; fileRef = 4FDEC58F2B77F9C1009F6568 /* Preview Assets.xcassets */; };
		4FDEC59A2B77FA77009F6568 /* category.json in Resources */ = {isa = PBXBuildFile; fileRef = 4FDEC5962B77FA77009F6568 /* category.json */; };
		4FDEC59B2B77FA77009F6568 /* brand.json in Resources */ = {isa = PBXBuildFile; fileRef = 4FDEC5972B77FA77009F6568 /* brand.json */; };
		4FDEC59C2B77FA77009F6568 /* player.json in Resources */ = {isa = PBXBuildFile; fileRef = 4FDEC5982B77FA77009F6568 /* player.json */; };
		4FDEC59D2B77FA77009F6568 /* product.json in Resources */ = {isa = PBXBuildFile; fileRef = 4FDEC5992B77FA77009F6568 /* product.json */; };
		4FDEC5A82B77FBFB009F6568 /* Constant.swift in Sources */ = {isa = PBXBuildFile; fileRef = 4FDEC5A72B77FBFB009F6568 /* Constant.swift */; };
		4FDEC5AA2B77FCB7009F6568 /* FooterView.swift in Sources */ = {isa = PBXBuildFile; fileRef = 4FDEC5A92B77FCB7009F6568 /* FooterView.swift */; };
/* End PBXBuildFile section */

/* Begin PBXFileReference section */
		4FB7F3FD2B79100400FCE439 /* NavigationBarView.swift */ = {isa = PBXFileReference; lastKnownFileType = sourcecode.swift; path = NavigationBarView.swift; sourceTree = "<group>"; };
		4FB7F3FF2B7910E700FCE439 /* LogoView.swift */ = {isa = PBXFileReference; lastKnownFileType = sourcecode.swift; path = LogoView.swift; sourceTree = "<group>"; };
		4FB7F4012B7A26DD00FCE439 /* ImageHeaderTabView.swift */ = {isa = PBXFileReference; lastKnownFileType = sourcecode.swift; path = ImageHeaderTabView.swift; sourceTree = "<group>"; };
		4FB7F4032B7A273200FCE439 /* PlayerModel.swift */ = {isa = PBXFileReference; lastKnownFileType = sourcecode.swift; path = PlayerModel.swift; sourceTree = "<group>"; };
		4FB7F4052B7A277A00FCE439 /* BundleExtension.swift */ = {isa = PBXFileReference; lastKnownFileType = sourcecode.swift; path = BundleExtension.swift; sourceTree = "<group>"; };
		4FB7F4092B7BF22200FCE439 /* CategoryModel.swift */ = {isa = PBXFileReference; lastKnownFileType = sourcecode.swift; path = CategoryModel.swift; sourceTree = "<group>"; };
		4FDEC5852B77F9BF009F6568 /* Touchdown.app */ = {isa = PBXFileReference; explicitFileType = wrapper.application; includeInIndex = 0; path = Touchdown.app; sourceTree = BUILT_PRODUCTS_DIR; };
		4FDEC5882B77F9BF009F6568 /* TouchdownApp.swift */ = {isa = PBXFileReference; lastKnownFileType = sourcecode.swift; path = TouchdownApp.swift; sourceTree = "<group>"; };
		4FDEC58A2B77F9BF009F6568 /* ContentView.swift */ = {isa = PBXFileReference; lastKnownFileType = sourcecode.swift; path = ContentView.swift; sourceTree = "<group>"; };
		4FDEC58C2B77F9C1009F6568 /* Assets.xcassets */ = {isa = PBXFileReference; lastKnownFileType = folder.assetcatalog; path = Assets.xcassets; sourceTree = "<group>"; };
		4FDEC58F2B77F9C1009F6568 /* Preview Assets.xcassets */ = {isa = PBXFileReference; lastKnownFileType = folder.assetcatalog; path = "Preview Assets.xcassets"; sourceTree = "<group>"; };
		4FDEC5962B77FA77009F6568 /* category.json */ = {isa = PBXFileReference; fileEncoding = 4; lastKnownFileType = text.json; path = category.json; sourceTree = "<group>"; };
		4FDEC5972B77FA77009F6568 /* brand.json */ = {isa = PBXFileReference; fileEncoding = 4; lastKnownFileType = text.json; path = brand.json; sourceTree = "<group>"; };
		4FDEC5982B77FA77009F6568 /* player.json */ = {isa = PBXFileReference; fileEncoding = 4; lastKnownFileType = text.json; path = player.json; sourceTree = "<group>"; };
		4FDEC5992B77FA77009F6568 /* product.json */ = {isa = PBXFileReference; fileEncoding = 4; lastKnownFileType = text.json; path = product.json; sourceTree = "<group>"; };
		4FDEC59F2B77FAD7009F6568 /* Info.plist */ = {isa = PBXFileReference; lastKnownFileType = text.plist; path = Info.plist; sourceTree = "<group>"; };
		4FDEC5A72B77FBFB009F6568 /* Constant.swift */ = {isa = PBXFileReference; lastKnownFileType = sourcecode.swift; path = Constant.swift; sourceTree = "<group>"; };
		4FDEC5A92B77FCB7009F6568 /* FooterView.swift */ = {isa = PBXFileReference; lastKnownFileType = sourcecode.swift; path = FooterView.swift; sourceTree = "<group>"; };
/* End PBXFileReference section */

/* Begin PBXFrameworksBuildPhase section */
		4FDEC5822B77F9BF009F6568 /* Frameworks */ = {
			isa = PBXFrameworksBuildPhase;
			buildActionMask = 2147483647;
			files = (
			);
			runOnlyForDeploymentPostprocessing = 0;
		};
/* End PBXFrameworksBuildPhase section */

/* Begin PBXGroup section */
		4FDEC57C2B77F9BF009F6568 = {
			isa = PBXGroup;
			children = (
				4FDEC5872B77F9BF009F6568 /* Touchdown */,
				4FDEC5862B77F9BF009F6568 /* Products */,
			);
			sourceTree = "<group>";
		};
		4FDEC5862B77F9BF009F6568 /* Products */ = {
			isa = PBXGroup;
			children = (
				4FDEC5852B77F9BF009F6568 /* Touchdown.app */,
			);
			name = Products;
			sourceTree = "<group>";
		};
		4FDEC5872B77F9BF009F6568 /* Touchdown */ = {
			isa = PBXGroup;
			children = (
				4FDEC59F2B77FAD7009F6568 /* Info.plist */,
				4FDEC5A02B77FB66009F6568 /* App */,
				4FDEC5A42B77FBC4009F6568 /* Model */,
				4FDEC5A12B77FB6E009F6568 /* View */,
				4FDEC5A62B77FBCE009F6568 /* Utility */,
				4FDEC5A52B77FBCA009F6568 /* Extention */,
				4FDEC59E2B77FA8E009F6568 /* Data */,
				4FDEC58C2B77F9C1009F6568 /* Assets.xcassets */,
				4FDEC58E2B77F9C1009F6568 /* Preview Content */,
			);
			path = Touchdown;
			sourceTree = "<group>";
		};
		4FDEC58E2B77F9C1009F6568 /* Preview Content */ = {
			isa = PBXGroup;
			children = (
				4FDEC58F2B77F9C1009F6568 /* Preview Assets.xcassets */,
			);
			path = "Preview Content";
			sourceTree = "<group>";
		};
		4FDEC59E2B77FA8E009F6568 /* Data */ = {
			isa = PBXGroup;
			children = (
				4FDEC5972B77FA77009F6568 /* brand.json */,
				4FDEC5962B77FA77009F6568 /* category.json */,
				4FDEC5982B77FA77009F6568 /* player.json */,
				4FDEC5992B77FA77009F6568 /* product.json */,
			);
			path = Data;
			sourceTree = "<group>";
		};
		4FDEC5A02B77FB66009F6568 /* App */ = {
			isa = PBXGroup;
			children = (
				4FDEC5882B77F9BF009F6568 /* TouchdownApp.swift */,
				4FDEC58A2B77F9BF009F6568 /* ContentView.swift */,
			);
			path = App;
			sourceTree = "<group>";
		};
		4FDEC5A12B77FB6E009F6568 /* View */ = {
			isa = PBXGroup;
			children = (
				4FDEC5A32B77FBC0009F6568 /* Detail */,
				4FDEC5A22B77FB75009F6568 /* Home */,
			);
			path = View;
			sourceTree = "<group>";
		};
		4FDEC5A22B77FB75009F6568 /* Home */ = {
			isa = PBXGroup;
			children = (
				4FDEC5A92B77FCB7009F6568 /* FooterView.swift */,
				4FB7F3FD2B79100400FCE439 /* NavigationBarView.swift */,
				4FB7F3FF2B7910E700FCE439 /* LogoView.swift */,
				4FB7F4012B7A26DD00FCE439 /* ImageHeaderTabView.swift */,
			);
			path = Home;
			sourceTree = "<group>";
		};
		4FDEC5A32B77FBC0009F6568 /* Detail */ = {
			isa = PBXGroup;
			children = (
			);
			path = Detail;
			sourceTree = "<group>";
		};
		4FDEC5A42B77FBC4009F6568 /* Model */ = {
			isa = PBXGroup;
			children = (
				4FB7F4032B7A273200FCE439 /* PlayerModel.swift */,
				4FB7F4092B7BF22200FCE439 /* CategoryModel.swift */,
			);
			path = Model;
			sourceTree = "<group>";
		};
		4FDEC5A52B77FBCA009F6568 /* Extention */ = {
			isa = PBXGroup;
			children = (
				4FB7F4052B7A277A00FCE439 /* BundleExtension.swift */,
			);
			path = Extention;
			sourceTree = "<group>";
		};
		4FDEC5A62B77FBCE009F6568 /* Utility */ = {
			isa = PBXGroup;
			children = (
				4FDEC5A72B77FBFB009F6568 /* Constant.swift */,
			);
			path = Utility;
			sourceTree = "<group>";
		};
/* End PBXGroup section */

/* Begin PBXNativeTarget section */
		4FDEC5842B77F9BF009F6568 /* Touchdown */ = {
			isa = PBXNativeTarget;
			buildConfigurationList = 4FDEC5932B77F9C1009F6568 /* Build configuration list for PBXNativeTarget "Touchdown" */;
			buildPhases = (
				4FDEC5812B77F9BF009F6568 /* Sources */,
				4FDEC5822B77F9BF009F6568 /* Frameworks */,
				4FDEC5832B77F9BF009F6568 /* Resources */,
			);
			buildRules = (
			);
			dependencies = (
			);
			name = Touchdown;
			productName = Touchdown;
			productReference = 4FDEC5852B77F9BF009F6568 /* Touchdown.app */;
			productType = "com.apple.product-type.application";
		};
/* End PBXNativeTarget section */

/* Begin PBXProject section */
		4FDEC57D2B77F9BF009F6568 /* Project object */ = {
			isa = PBXProject;
			attributes = {
				BuildIndependentTargetsInParallel = 1;
				LastSwiftUpdateCheck = 1520;
				LastUpgradeCheck = 1520;
				TargetAttributes = {
					4FDEC5842B77F9BF009F6568 = {
						CreatedOnToolsVersion = 15.2;
					};
				};
			};
			buildConfigurationList = 4FDEC5802B77F9BF009F6568 /* Build configuration list for PBXProject "Touchdown" */;
			compatibilityVersion = "Xcode 14.0";
			developmentRegion = en;
			hasScannedForEncodings = 0;
			knownRegions = (
				en,
				Base,
			);
			mainGroup = 4FDEC57C2B77F9BF009F6568;
			productRefGroup = 4FDEC5862B77F9BF009F6568 /* Products */;
			projectDirPath = "";
			projectRoot = "";
			targets = (
				4FDEC5842B77F9BF009F6568 /* Touchdown */,
			);
		};
/* End PBXProject section */

/* Begin PBXResourcesBuildPhase section */
		4FDEC5832B77F9BF009F6568 /* Resources */ = {
			isa = PBXResourcesBuildPhase;
			buildActionMask = 2147483647;
			files = (
				4FDEC59C2B77FA77009F6568 /* player.json in Resources */,
				4FDEC59A2B77FA77009F6568 /* category.json in Resources */,
				4FDEC59B2B77FA77009F6568 /* brand.json in Resources */,
				4FDEC5902B77F9C1009F6568 /* Preview Assets.xcassets in Resources */,
				4FDEC58D2B77F9C1009F6568 /* Assets.xcassets in Resources */,
				4FDEC59D2B77FA77009F6568 /* product.json in Resources */,
			);
			runOnlyForDeploymentPostprocessing = 0;
		};
/* End PBXResourcesBuildPhase section */

/* Begin PBXSourcesBuildPhase section */
		4FDEC5812B77F9BF009F6568 /* Sources */ = {
			isa = PBXSourcesBuildPhase;
			buildActionMask = 2147483647;
			files = (
				4FDEC58B2B77F9BF009F6568 /* ContentView.swift in Sources */,
				4FB7F4002B7910E700FCE439 /* LogoView.swift in Sources */,
				4FB7F4042B7A273200FCE439 /* PlayerModel.swift in Sources */,
				4FB7F40A2B7BF22200FCE439 /* CategoryModel.swift in Sources */,
				4FDEC5AA2B77FCB7009F6568 /* FooterView.swift in Sources */,
				4FDEC5892B77F9BF009F6568 /* TouchdownApp.swift in Sources */,
				4FDEC5A82B77FBFB009F6568 /* Constant.swift in Sources */,
				4FB7F4022B7A26DD00FCE439 /* ImageHeaderTabView.swift in Sources */,
				4FB7F4062B7A277A00FCE439 /* BundleExtension.swift in Sources */,
				4FB7F3FE2B79100400FCE439 /* NavigationBarView.swift in Sources */,
			);
			runOnlyForDeploymentPostprocessing = 0;
		};
/* End PBXSourcesBuildPhase section */

/* Begin XCBuildConfiguration section */
		4FDEC5912B77F9C1009F6568 /* Debug */ = {
			isa = XCBuildConfiguration;
			buildSettings = {
				ALWAYS_SEARCH_USER_PATHS = NO;
				ASSETCATALOG_COMPILER_GENERATE_SWIFT_ASSET_SYMBOL_EXTENSIONS = YES;
				CLANG_ANALYZER_NONNULL = YES;
				CLANG_ANALYZER_NUMBER_OBJECT_CONVERSION = YES_AGGRESSIVE;
				CLANG_CXX_LANGUAGE_STANDARD = "gnu++20";
				CLANG_ENABLE_MODULES = YES;
				CLANG_ENABLE_OBJC_ARC = YES;
				CLANG_ENABLE_OBJC_WEAK = YES;
				CLANG_WARN_BLOCK_CAPTURE_AUTORELEASING = YES;
				CLANG_WARN_BOOL_CONVERSION = YES;
				CLANG_WARN_COMMA = YES;
				CLANG_WARN_CONSTANT_CONVERSION = YES;
				CLANG_WARN_DEPRECATED_OBJC_IMPLEMENTATIONS = YES;
				CLANG_WARN_DIRECT_OBJC_ISA_USAGE = YES_ERROR;
				CLANG_WARN_DOCUMENTATION_COMMENTS = YES;
				CLANG_WARN_EMPTY_BODY = YES;
				CLANG_WARN_ENUM_CONVERSION = YES;
				CLANG_WARN_INFINITE_RECURSION = YES;
				CLANG_WARN_INT_CONVERSION = YES;
				CLANG_WARN_NON_LITERAL_NULL_CONVERSION = YES;
				CLANG_WARN_OBJC_IMPLICIT_RETAIN_SELF = YES;
				CLANG_WARN_OBJC_LITERAL_CONVERSION = YES;
				CLANG_WARN_OBJC_ROOT_CLASS = YES_ERROR;
				CLANG_WARN_QUOTED_INCLUDE_IN_FRAMEWORK_HEADER = YES;
				CLANG_WARN_RANGE_LOOP_ANALYSIS = YES;
				CLANG_WARN_STRICT_PROTOTYPES = YES;
				CLANG_WARN_SUSPICIOUS_MOVE = YES;
				CLANG_WARN_UNGUARDED_AVAILABILITY = YES_AGGRESSIVE;
				CLANG_WARN_UNREACHABLE_CODE = YES;
				CLANG_WARN__DUPLICATE_METHOD_MATCH = YES;
				COPY_PHASE_STRIP = NO;
				DEBUG_INFORMATION_FORMAT = dwarf;
				ENABLE_STRICT_OBJC_MSGSEND = YES;
				ENABLE_TESTABILITY = YES;
				ENABLE_USER_SCRIPT_SANDBOXING = YES;
				GCC_C_LANGUAGE_STANDARD = gnu17;
				GCC_DYNAMIC_NO_PIC = NO;
				GCC_NO_COMMON_BLOCKS = YES;
				GCC_OPTIMIZATION_LEVEL = 0;
				GCC_PREPROCESSOR_DEFINITIONS = (
					"DEBUG=1",
					"$(inherited)",
				);
				GCC_WARN_64_TO_32_BIT_CONVERSION = YES;
				GCC_WARN_ABOUT_RETURN_TYPE = YES_ERROR;
				GCC_WARN_UNDECLARED_SELECTOR = YES;
				GCC_WARN_UNINITIALIZED_AUTOS = YES_AGGRESSIVE;
				GCC_WARN_UNUSED_FUNCTION = YES;
				GCC_WARN_UNUSED_VARIABLE = YES;
				IPHONEOS_DEPLOYMENT_TARGET = 17.2;
				LOCALIZATION_PREFERS_STRING_CATALOGS = YES;
				MTL_ENABLE_DEBUG_INFO = INCLUDE_SOURCE;
				MTL_FAST_MATH = YES;
				ONLY_ACTIVE_ARCH = YES;
				SDKROOT = iphoneos;
				SWIFT_ACTIVE_COMPILATION_CONDITIONS = "DEBUG $(inherited)";
				SWIFT_OPTIMIZATION_LEVEL = "-Onone";
			};
			name = Debug;
		};
		4FDEC5922B77F9C1009F6568 /* Release */ = {
			isa = XCBuildConfiguration;
			buildSettings = {
				ALWAYS_SEARCH_USER_PATHS = NO;
				ASSETCATALOG_COMPILER_GENERATE_SWIFT_ASSET_SYMBOL_EXTENSIONS = YES;
				CLANG_ANALYZER_NONNULL = YES;
				CLANG_ANALYZER_NUMBER_OBJECT_CONVERSION = YES_AGGRESSIVE;
				CLANG_CXX_LANGUAGE_STANDARD = "gnu++20";
				CLANG_ENABLE_MODULES = YES;
				CLANG_ENABLE_OBJC_ARC = YES;
				CLANG_ENABLE_OBJC_WEAK = YES;
				CLANG_WARN_BLOCK_CAPTURE_AUTORELEASING = YES;
				CLANG_WARN_BOOL_CONVERSION = YES;
				CLANG_WARN_COMMA = YES;
				CLANG_WARN_CONSTANT_CONVERSION = YES;
				CLANG_WARN_DEPRECATED_OBJC_IMPLEMENTATIONS = YES;
				CLANG_WARN_DIRECT_OBJC_ISA_USAGE = YES_ERROR;
				CLANG_WARN_DOCUMENTATION_COMMENTS = YES;
				CLANG_WARN_EMPTY_BODY = YES;
				CLANG_WARN_ENUM_CONVERSION = YES;
				CLANG_WARN_INFINITE_RECURSION = YES;
				CLANG_WARN_INT_CONVERSION = YES;
				CLANG_WARN_NON_LITERAL_NULL_CONVERSION = YES;
				CLANG_WARN_OBJC_IMPLICIT_RETAIN_SELF = YES;
				CLANG_WARN_OBJC_LITERAL_CONVERSION = YES;
				CLANG_WARN_OBJC_ROOT_CLASS = YES_ERROR;
				CLANG_WARN_QUOTED_INCLUDE_IN_FRAMEWORK_HEADER = YES;
				CLANG_WARN_RANGE_LOOP_ANALYSIS = YES;
				CLANG_WARN_STRICT_PROTOTYPES = YES;
				CLANG_WARN_SUSPICIOUS_MOVE = YES;
				CLANG_WARN_UNGUARDED_AVAILABILITY = YES_AGGRESSIVE;
				CLANG_WARN_UNREACHABLE_CODE = YES;
				CLANG_WARN__DUPLICATE_METHOD_MATCH = YES;
				COPY_PHASE_STRIP = NO;
				DEBUG_INFORMATION_FORMAT = "dwarf-with-dsym";
				ENABLE_NS_ASSERTIONS = NO;
				ENABLE_STRICT_OBJC_MSGSEND = YES;
				ENABLE_USER_SCRIPT_SANDBOXING = YES;
				GCC_C_LANGUAGE_STANDARD = gnu17;
				GCC_NO_COMMON_BLOCKS = YES;
				GCC_WARN_64_TO_32_BIT_CONVERSION = YES;
				GCC_WARN_ABOUT_RETURN_TYPE = YES_ERROR;
				GCC_WARN_UNDECLARED_SELECTOR = YES;
				GCC_WARN_UNINITIALIZED_AUTOS = YES_AGGRESSIVE;
				GCC_WARN_UNUSED_FUNCTION = YES;
				GCC_WARN_UNUSED_VARIABLE = YES;
				IPHONEOS_DEPLOYMENT_TARGET = 17.2;
				LOCALIZATION_PREFERS_STRING_CATALOGS = YES;
				MTL_ENABLE_DEBUG_INFO = NO;
				MTL_FAST_MATH = YES;
				SDKROOT = iphoneos;
				SWIFT_COMPILATION_MODE = wholemodule;
				VALIDATE_PRODUCT = YES;
			};
			name = Release;
		};
		4FDEC5942B77F9C1009F6568 /* Debug */ = {
			isa = XCBuildConfiguration;
			buildSettings = {
				ASSETCATALOG_COMPILER_APPICON_NAME = AppIcon;
				ASSETCATALOG_COMPILER_GLOBAL_ACCENT_COLOR_NAME = AccentColor;
				CODE_SIGN_STYLE = Automatic;
				CURRENT_PROJECT_VERSION = 1;
				DEVELOPMENT_ASSET_PATHS = "\"Touchdown/Preview Content\"";
				DEVELOPMENT_TEAM = BQ55AJ4968;
				ENABLE_PREVIEWS = YES;
				GENERATE_INFOPLIST_FILE = YES;
				INFOPLIST_FILE = Touchdown/Info.plist;
				INFOPLIST_KEY_UIApplicationSceneManifest_Generation = YES;
				INFOPLIST_KEY_UIApplicationSupportsIndirectInputEvents = YES;
				INFOPLIST_KEY_UISupportedInterfaceOrientations = UIInterfaceOrientationPortrait;
				INFOPLIST_KEY_UISupportedInterfaceOrientations_iPad = "UIInterfaceOrientationLandscapeLeft UIInterfaceOrientationLandscapeRight UIInterfaceOrientationPortrait UIInterfaceOrientationPortraitUpsideDown";
				INFOPLIST_KEY_UIUserInterfaceStyle = Light;
				LD_RUNPATH_SEARCH_PATHS = (
					"$(inherited)",
					"@executable_path/Frameworks",
				);
				MARKETING_VERSION = 1.0;
				PRODUCT_BUNDLE_IDENTIFIER = self.Touchdown;
				PRODUCT_NAME = "$(TARGET_NAME)";
				SWIFT_EMIT_LOC_STRINGS = YES;
				SWIFT_VERSION = 5.0;
				TARGETED_DEVICE_FAMILY = "1,2";
			};
			name = Debug;
		};
		4FDEC5952B77F9C1009F6568 /* Release */ = {
			isa = XCBuildConfiguration;
			buildSettings = {
				ASSETCATALOG_COMPILER_APPICON_NAME = AppIcon;
				ASSETCATALOG_COMPILER_GLOBAL_ACCENT_COLOR_NAME = AccentColor;
				CODE_SIGN_STYLE = Automatic;
				CURRENT_PROJECT_VERSION = 1;
				DEVELOPMENT_ASSET_PATHS = "\"Touchdown/Preview Content\"";
				DEVELOPMENT_TEAM = BQ55AJ4968;
				ENABLE_PREVIEWS = YES;
				GENERATE_INFOPLIST_FILE = YES;
				INFOPLIST_FILE = Touchdown/Info.plist;
				INFOPLIST_KEY_UIApplicationSceneManifest_Generation = YES;
				INFOPLIST_KEY_UIApplicationSupportsIndirectInputEvents = YES;
				INFOPLIST_KEY_UISupportedInterfaceOrientations = UIInterfaceOrientationPortrait;
				INFOPLIST_KEY_UISupportedInterfaceOrientations_iPad = "UIInterfaceOrientationLandscapeLeft UIInterfaceOrientationLandscapeRight UIInterfaceOrientationPortrait UIInterfaceOrientationPortraitUpsideDown";
				INFOPLIST_KEY_UIUserInterfaceStyle = Light;
				LD_RUNPATH_SEARCH_PATHS = (
					"$(inherited)",
					"@executable_path/Frameworks",
				);
				MARKETING_VERSION = 1.0;
				PRODUCT_BUNDLE_IDENTIFIER = self.Touchdown;
				PRODUCT_NAME = "$(TARGET_NAME)";
				SWIFT_EMIT_LOC_STRINGS = YES;
				SWIFT_VERSION = 5.0;
				TARGETED_DEVICE_FAMILY = "1,2";
			};
			name = Release;
		};
/* End XCBuildConfiguration section */

/* Begin XCConfigurationList section */
		4FDEC5802B77F9BF009F6568 /* Build configuration list for PBXProject "Touchdown" */ = {
			isa = XCConfigurationList;
			buildConfigurations = (
				4FDEC5912B77F9C1009F6568 /* Debug */,
				4FDEC5922B77F9C1009F6568 /* Release */,
			);
			defaultConfigurationIsVisible = 0;
			defaultConfigurationName = Release;
		};
		4FDEC5932B77F9C1009F6568 /* Build configuration list for PBXNativeTarget "Touchdown" */ = {
			isa = XCConfigurationList;
			buildConfigurations = (
				4FDEC5942B77F9C1009F6568 /* Debug */,
				4FDEC5952B77F9C1009F6568 /* Release */,
			);
			defaultConfigurationIsVisible = 0;
			defaultConfigurationName = Release;
		};
/* End XCConfigurationList section */
	};
	rootObject = 4FDEC57D2B77F9BF009F6568 /* Project object */;
}
